
Microsoft Visual Studio Solution File, Format Version 12.00
# Visual Studio Version 17
VisualStudioVersion = 17.3.32929.385
MinimumVisualStudioVersion = 10.0.40219.1
Project("{9A19103F-16F7-4668-BE54-9A1E7A4F7556}") = "Practise2", "Practise2\Practise2.csproj", "{023EFC52-8002-49E7-BDDA-9777305922AB}"
EndProject
Project("{9A19103F-16F7-4668-BE54-9A1E7A4F7556}") = "Generics", "Generics\Generics.csproj", "{724905C1-9224-4A37-9E40-62646BD7E09A}"
EndProject
Project("{FAE04EC0-301F-11D3-BF4B-00C04F79EFBC}") = "Delegates", "Delegates\Delegates.csproj", "{08A71D13-3BB0-4D2E-8942-6724A2C59694}"
EndProject
Global
	GlobalSection(SolutionConfigurationPlatforms) = preSolution
		Debug|Any CPU = Debug|Any CPU
		Release|Any CPU = Release|Any CPU
	EndGlobalSection
	GlobalSection(ProjectConfigurationPlatforms) = postSolution
		{023EFC52-8002-49E7-BDDA-9777305922AB}.Debug|Any CPU.ActiveCfg = Debug|Any CPU
		{023EFC52-8002-49E7-BDDA-9777305922AB}.Debug|Any CPU.Build.0 = Debug|Any CPU
		{023EFC52-8002-49E7-BDDA-9777305922AB}.Release|Any CPU.ActiveCfg = Release|Any CPU
		{023EFC52-8002-49E7-BDDA-9777305922AB}.Release|Any CPU.Build.0 = Release|Any CPU
		{724905C1-9224-4A37-9E40-62646BD7E09A}.Debug|Any CPU.ActiveCfg = Debug|Any CPU
		{724905C1-9224-4A37-9E40-62646BD7E09A}.Debug|Any CPU.Build.0 = Debug|Any CPU
		{724905C1-9224-4A37-9E40-62646BD7E09A}.Release|Any CPU.ActiveCfg = Release|Any CPU
		{724905C1-9224-4A37-9E40-62646BD7E09A}.Release|Any CPU.Build.0 = Release|Any CPU
		{08A71D13-3BB0-4D2E-8942-6724A2C59694}.Debug|Any CPU.ActiveCfg = Debug|Any CPU
		{08A71D13-3BB0-4D2E-8942-6724A2C59694}.Debug|Any CPU.Build.0 = Debug|Any CPU
		{08A71D13-3BB0-4D2E-8942-6724A2C59694}.Release|Any CPU.ActiveCfg = Release|Any CPU
		{08A71D13-3BB0-4D2E-8942-6724A2C59694}.Release|Any CPU.Build.0 = Release|Any CPU
	EndGlobalSection
	GlobalSection(SolutionProperties) = preSolution
		HideSolutionNode = FALSE
	EndGlobalSection
	GlobalSection(ExtensibilityGlobals) = postSolution
		SolutionGuid = {64B34C47-16C6-4191-A0E5-E7B6E7EF64A9}
	EndGlobalSection
EndGlobal
